
Microsoft Visual Studio Solution File, Format Version 12.00
# Visual Studio Version 16
VisualStudioVersion = 16.0.31105.61
MinimumVisualStudioVersion = 10.0.40219.1
Project("{FAE04EC0-301F-11D3-BF4B-00C04F79EFBC}") = "SportClubDesktopVersion", "SportClubDesktopVersion\SportClubDesktopVersion.csproj", "{6354D6FC-6725-4BC9-891C-BE723AEBF071}"
EndProject
Global
	GlobalSection(SolutionConfigurationPlatforms) = preSolution
		Debug|Any CPU = Debug|Any CPU
		Release|Any CPU = Release|Any CPU
	EndGlobalSection
	GlobalSection(ProjectConfigurationPlatforms) = postSolution
		{6354D6FC-6725-4BC9-891C-BE723AEBF071}.Debug|Any CPU.ActiveCfg = Debug|Any CPU
		{6354D6FC-6725-4BC9-891C-BE723AEBF071}.Debug|Any CPU.Build.0 = Debug|Any CPU
		{6354D6FC-6725-4BC9-891C-BE723AEBF071}.Release|Any CPU.ActiveCfg = Release|Any CPU
		{6354D6FC-6725-4BC9-891C-BE723AEBF071}.Release|Any CPU.Build.0 = Release|Any CPU
	EndGlobalSection
	GlobalSection(SolutionProperties) = preSolution
		HideSolutionNode = FALSE
	EndGlobalSection
	GlobalSection(ExtensibilityGlobals) = postSolution
		SolutionGuid = {9C39198C-148F-4E2D-8BCD-6A5C72BE7190}
	EndGlobalSection
EndGlobal
